
Microsoft Visual Studio Solution File, Format Version 12.00
# Visual Studio Version 17
VisualStudioVersion = 17.9.34616.47
MinimumVisualStudioVersion = 10.0.40219.1
Project("{FAE04EC0-301F-11D3-BF4B-00C04F79EFBC}") = "L01P022021EM601", "L01P022021EM601\L01P022021EM601.csproj", "{F350D4A9-7F65-4858-BA93-7E503BC5199C}"
EndProject
Global
	GlobalSection(SolutionConfigurationPlatforms) = preSolution
		Debug|Any CPU = Debug|Any CPU
		Release|Any CPU = Release|Any CPU
	EndGlobalSection
	GlobalSection(ProjectConfigurationPlatforms) = postSolution
		{F350D4A9-7F65-4858-BA93-7E503BC5199C}.Debug|Any CPU.ActiveCfg = Debug|Any CPU
		{F350D4A9-7F65-4858-BA93-7E503BC5199C}.Debug|Any CPU.Build.0 = Debug|Any CPU
		{F350D4A9-7F65-4858-BA93-7E503BC5199C}.Release|Any CPU.ActiveCfg = Release|Any CPU
		{F350D4A9-7F65-4858-BA93-7E503BC5199C}.Release|Any CPU.Build.0 = Release|Any CPU
	EndGlobalSection
	GlobalSection(SolutionProperties) = preSolution
		HideSolutionNode = FALSE
	EndGlobalSection
	GlobalSection(ExtensibilityGlobals) = postSolution
		SolutionGuid = {8A91437F-A2CE-412D-A5C5-DD7D9D518677}
	EndGlobalSection
EndGlobal
